
Microsoft Visual Studio Solution File, Format Version 12.00
# Visual Studio Version 17
VisualStudioVersion = 17.14.37328.6
MinimumVisualStudioVersion = 10.0.40219.1
Project("{2150E333-8FDC-42A3-9474-1A3956D46DE8}") = "Source", "Source", "{02EA681E-C7D8-13C7-8484-4AC65E1B71E8}"
EndProject
Project("{2150E333-8FDC-42A3-9474-1A3956D46DE8}") = "Core", "Core", "{E3B535B2-EE3E-4C0A-9FA3-9BCDF1C532C4}"
EndProject
Project("{2150E333-8FDC-42A3-9474-1A3956D46DE8}") = "Application", "Application", "{D45163FA-A0D1-44B7-8831-F98C33477AED}"
EndProject
Project("{2150E333-8FDC-42A3-9474-1A3956D46DE8}") = "Domain", "Domain", "{27877FDC-311A-4C7F-B5DE-F2EA6BF1E485}"
EndProject
Project("{2150E333-8FDC-42A3-9474-1A3956D46DE8}") = "Presentation", "Presentation", "{CAC2636F-08BF-443D-9EC6-C5AFB9B86AED}"
EndProject
Project("{2150E333-8FDC-42A3-9474-1A3956D46DE8}") = "Infraestructure", "Infraestructure", "{1653CD5F-4B33-4F59-9F1F-45A63DCBDEDC}"
EndProject
Project("{2150E333-8FDC-42A3-9474-1A3956D46DE8}") = "Identity", "Identity", "{75C1740E-7C40-4C18-9D6E-5C4496992C12}"
EndProject
Project("{2150E333-8FDC-42A3-9474-1A3956D46DE8}") = "Shared", "Shared", "{74C3C487-9672-493E-81B8-B2FE4A79D3D5}"
EndProject
Project("{2150E333-8FDC-42A3-9474-1A3956D46DE8}") = "Persistence", "Persistence", "{B4F6794F-A028-401C-835F-A1F896AA2FF4}"
EndProject
Project("{FAE04EC0-301F-11D3-BF4B-00C04F79EFBC}") = "RealEstateApp.Infraestructure.Persistence", "Source\Infraestructure\RealEstateApp.Infraestructure.Persistence\RealEstateApp.Infraestructure.Persistence.csproj", "{282B885E-184D-4961-8C81-3379500F3468}"
EndProject
Project("{FAE04EC0-301F-11D3-BF4B-00C04F79EFBC}") = "RealEstateApp.Infraestructure.Identity", "Source\Infraestructure\RealEstateApp.Infraestructure.Identity\RealEstateApp.Infraestructure.Identity.csproj", "{6C47AB71-91FC-4586-AF85-3A96D22E3587}"
EndProject
Project("{FAE04EC0-301F-11D3-BF4B-00C04F79EFBC}") = "RealEstateApp.Infraestructure.Shared", "Source\Infraestructure\RealEstateApp.Infraestructure.Shared\RealEstateApp.Infraestructure.Shared.csproj", "{25ABF974-24A7-4AD4-8920-2F11C13BD652}"
EndProject
Project("{FAE04EC0-301F-11D3-BF4B-00C04F79EFBC}") = "RealEstateApp.Core.Domain", "Source\Core\RealEstateApp.Core.Domain\RealEstateApp.Core.Domain.csproj", "{CD5D1086-5BDB-41ED-992B-C1218E137C4A}"
EndProject
Project("{FAE04EC0-301F-11D3-BF4B-00C04F79EFBC}") = "RealEstateApp.Core.Application", "Source\Core\RealEstateApp.Core.Application\RealEstateApp.Core.Application.csproj", "{0DD6B699-E2DC-4727-BAF8-4AB6DCBD286D}"
EndProject
Project("{2150E333-8FDC-42A3-9474-1A3956D46DE8}") = "Api", "Api", "{ED4D6948-AAB8-4395-8BA9-25FD9BB69261}"
EndProject
Project("{2150E333-8FDC-42A3-9474-1A3956D46DE8}") = "WebApp", "WebApp", "{8A9C464F-0263-4623-AC27-AB23EEC3616C}"
EndProject
Project("{FAE04EC0-301F-11D3-BF4B-00C04F79EFBC}") = "RealEstateApp.Presentation.WebApp", "Source\Presentation\RealEstateApp.Presentation.WebApp\RealEstateApp.Presentation.WebApp.csproj", "{B1829D33-2B81-4CA7-AACC-E6CE1D496E60}"
EndProject
Project("{2150E333-8FDC-42A3-9474-1A3956D46DE8}") = "IOC", "IOC", "{CFDCC6F5-65E0-4D35-BBD2-A8BF647B774F}"
EndProject
Project("{FAE04EC0-301F-11D3-BF4B-00C04F79EFBC}") = "RealStateApp.IOC", "Source\RealStateApp.IOC\RealStateApp.IOC.csproj", "{6F745DF9-CE8C-4B5A-BE6A-A24502DA00AD}"
EndProject
Project("{FAE04EC0-301F-11D3-BF4B-00C04F79EFBC}") = "RealEstateApp.Presentation.Api", "Source\Presentation\RealEstateApp.Presentation.Api\RealEstateApp.Presentation.Api.csproj", "{AFA37C58-348D-F307-FA7B-BB3BA6F7A3BF}"
EndProject
Global
	GlobalSection(SolutionConfigurationPlatforms) = preSolution
		Debug|Any CPU = Debug|Any CPU
		Release|Any CPU = Release|Any CPU
	EndGlobalSection
	GlobalSection(ProjectConfigurationPlatforms) = postSolution
		{282B885E-184D-4961-8C81-3379500F3468}.Debug|Any CPU.ActiveCfg = Debug|Any CPU
		{282B885E-184D-4961-8C81-3379500F3468}.Debug|Any CPU.Build.0 = Debug|Any CPU
		{282B885E-184D-4961-8C81-3379500F3468}.Release|Any CPU.ActiveCfg = Release|Any CPU
		{282B885E-184D-4961-8C81-3379500F3468}.Release|Any CPU.Build.0 = Release|Any CPU
		{6C47AB71-91FC-4586-AF85-3A96D22E3587}.Debug|Any CPU.ActiveCfg = Debug|Any CPU
		{6C47AB71-91FC-4586-AF85-3A96D22E3587}.Debug|Any CPU.Build.0 = Debug|Any CPU
		{6C47AB71-91FC-4586-AF85-3A96D22E3587}.Release|Any CPU.ActiveCfg = Release|Any CPU
		{6C47AB71-91FC-4586-AF85-3A96D22E3587}.Release|Any CPU.Build.0 = Release|Any CPU
		{25ABF974-24A7-4AD4-8920-2F11C13BD652}.Debug|Any CPU.ActiveCfg = Debug|Any CPU
		{25ABF974-24A7-4AD4-8920-2F11C13BD652}.Debug|Any CPU.Build.0 = Debug|Any CPU
		{25ABF974-24A7-4AD4-8920-2F11C13BD652}.Release|Any CPU.ActiveCfg = Release|Any CPU
		{25ABF974-24A7-4AD4-8920-2F11C13BD652}.Release|Any CPU.Build.0 = Release|Any CPU
		{CD5D1086-5BDB-41ED-992B-C1218E137C4A}.Debug|Any CPU.ActiveCfg = Debug|Any CPU
		{CD5D1086-5BDB-41ED-992B-C1218E137C4A}.Debug|Any CPU.Build.0 = Debug|Any CPU
		{CD5D1086-5BDB-41ED-992B-C1218E137C4A}.Release|Any CPU.ActiveCfg = Release|Any CPU
		{CD5D1086-5BDB-41ED-992B-C1218E137C4A}.Release|Any CPU.Build.0 = Release|Any CPU
		{0DD6B699-E2DC-4727-BAF8-4AB6DCBD286D}.Debug|Any CPU.ActiveCfg = Debug|Any CPU
		{0DD6B699-E2DC-4727-BAF8-4AB6DCBD286D}.Debug|Any CPU.Build.0 = Debug|Any CPU
		{0DD6B699-E2DC-4727-BAF8-4AB6DCBD286D}.Release|Any CPU.ActiveCfg = Release|Any CPU
		{0DD6B699-E2DC-4727-BAF8-4AB6DCBD286D}.Release|Any CPU.Build.0 = Release|Any CPU
		{B1829D33-2B81-4CA7-AACC-E6CE1D496E60}.Debug|Any CPU.ActiveCfg = Debug|Any CPU
		{B1829D33-2B81-4CA7-AACC-E6CE1D496E60}.Debug|Any CPU.Build.0 = Debug|Any CPU
		{B1829D33-2B81-4CA7-AACC-E6CE1D496E60}.Release|Any CPU.ActiveCfg = Release|Any CPU
		{B1829D33-2B81-4CA7-AACC-E6CE1D496E60}.Release|Any CPU.Build.0 = Release|Any CPU
		{6F745DF9-CE8C-4B5A-BE6A-A24502DA00AD}.Debug|Any CPU.ActiveCfg = Debug|Any CPU
		{6F745DF9-CE8C-4B5A-BE6A-A24502DA00AD}.Debug|Any CPU.Build.0 = Debug|Any CPU
		{6F745DF9-CE8C-4B5A-BE6A-A24502DA00AD}.Release|Any CPU.ActiveCfg = Release|Any CPU
		{6F745DF9-CE8C-4B5A-BE6A-A24502DA00AD}.Release|Any CPU.Build.0 = Release|Any CPU
		{AFA37C58-348D-F307-FA7B-BB3BA6F7A3BF}.Debug|Any CPU.ActiveCfg = Debug|Any CPU
		{AFA37C58-348D-F307-FA7B-BB3BA6F7A3BF}.Debug|Any CPU.Build.0 = Debug|Any CPU
		{AFA37C58-348D-F307-FA7B-BB3BA6F7A3BF}.Release|Any CPU.ActiveCfg = Release|Any CPU
		{AFA37C58-348D-F307-FA7B-BB3BA6F7A3BF}.Release|Any CPU.Build.0 = Release|Any CPU
	EndGlobalSection
	GlobalSection(SolutionProperties) = preSolution
		HideSolutionNode = FALSE
	EndGlobalSection
	GlobalSection(NestedProjects) = preSolution
		{E3B535B2-EE3E-4C0A-9FA3-9BCDF1C532C4} = {02EA681E-C7D8-13C7-8484-4AC65E1B71E8}
		{D45163FA-A0D1-44B7-8831-F98C33477AED} = {E3B535B2-EE3E-4C0A-9FA3-9BCDF1C532C4}
		{27877FDC-311A-4C7F-B5DE-F2EA6BF1E485} = {E3B535B2-EE3E-4C0A-9FA3-9BCDF1C532C4}
		{CAC2636F-08BF-443D-9EC6-C5AFB9B86AED} = {02EA681E-C7D8-13C7-8484-4AC65E1B71E8}
		{1653CD5F-4B33-4F59-9F1F-45A63DCBDEDC} = {02EA681E-C7D8-13C7-8484-4AC65E1B71E8}
		{75C1740E-7C40-4C18-9D6E-5C4496992C12} = {1653CD5F-4B33-4F59-9F1F-45A63DCBDEDC}
		{74C3C487-9672-493E-81B8-B2FE4A79D3D5} = {1653CD5F-4B33-4F59-9F1F-45A63DCBDEDC}
		{B4F6794F-A028-401C-835F-A1F896AA2FF4} = {1653CD5F-4B33-4F59-9F1F-45A63DCBDEDC}
		{282B885E-184D-4961-8C81-3379500F3468} = {B4F6794F-A028-401C-835F-A1F896AA2FF4}
		{6C47AB71-91FC-4586-AF85-3A96D22E3587} = {75C1740E-7C40-4C18-9D6E-5C4496992C12}
		{25ABF974-24A7-4AD4-8920-2F11C13BD652} = {74C3C487-9672-493E-81B8-B2FE4A79D3D5}
		{CD5D1086-5BDB-41ED-992B-C1218E137C4A} = {27877FDC-311A-4C7F-B5DE-F2EA6BF1E485}
		{0DD6B699-E2DC-4727-BAF8-4AB6DCBD286D} = {D45163FA-A0D1-44B7-8831-F98C33477AED}
		{ED4D6948-AAB8-4395-8BA9-25FD9BB69261} = {CAC2636F-08BF-443D-9EC6-C5AFB9B86AED}
		{8A9C464F-0263-4623-AC27-AB23EEC3616C} = {CAC2636F-08BF-443D-9EC6-C5AFB9B86AED}
		{B1829D33-2B81-4CA7-AACC-E6CE1D496E60} = {8A9C464F-0263-4623-AC27-AB23EEC3616C}
		{CFDCC6F5-65E0-4D35-BBD2-A8BF647B774F} = {02EA681E-C7D8-13C7-8484-4AC65E1B71E8}
		{6F745DF9-CE8C-4B5A-BE6A-A24502DA00AD} = {CFDCC6F5-65E0-4D35-BBD2-A8BF647B774F}
		{AFA37C58-348D-F307-FA7B-BB3BA6F7A3BF} = {ED4D6948-AAB8-4395-8BA9-25FD9BB69261}
	EndGlobalSection
	GlobalSection(ExtensibilityGlobals) = postSolution
		SolutionGuid = {14A7B617-F7A9-46BB-991C-52FD9B4340E4}
	EndGlobalSection
EndGlobal
